
Microsoft Visual Studio Solution File, Format Version 12.00
# Visual Studio 15
Project("{FAE04EC0-301F-11D3-BF4B-00C04F79EFBC}") = "Unity.ML-Agents", "Unity.ML-Agents.csproj", "{6186C533-CAA5-F315-5DB6-88F5C23102A9}"
EndProject
Project("{FAE04EC0-301F-11D3-BF4B-00C04F79EFBC}") = "Unity.Barracuda", "Unity.Barracuda.csproj", "{F03AA57C-C94C-1F32-F2B1-9CB4F1CD776D}"
EndProject
Project("{FAE04EC0-301F-11D3-BF4B-00C04F79EFBC}") = "UnityEngine.TestRunner", "UnityEngine.TestRunner.csproj", "{BC2C211E-04C9-5A16-B016-E59B3C3C4060}"
EndProject
Project("{FAE04EC0-301F-11D3-BF4B-00C04F79EFBC}") = "Unity.Mathematics", "Unity.Mathematics.csproj", "{6ACC5C80-62CA-2ABB-666B-25D23AC10BD4}"
EndProject
Project("{FAE04EC0-301F-11D3-BF4B-00C04F79EFBC}") = "Unity.2D.Animation.Triangle.Runtime", "Unity.2D.Animation.Triangle.Runtime.csproj", "{2E8AB66C-88B3-C00F-425F-A4084ABFCBFE}"
EndProject
Project("{FAE04EC0-301F-11D3-BF4B-00C04F79EFBC}") = "Unity.Barracuda.ONNX", "Unity.Barracuda.ONNX.csproj", "{F913C7F1-1F43-385C-6EE8-8A3306AC5905}"
EndProject
Project("{FAE04EC0-301F-11D3-BF4B-00C04F79EFBC}") = "Unity.Timeline", "Unity.Timeline.csproj", "{4D278DFB-C9FE-0BFC-E732-74FA7F32CF0F}"
EndProject
Project("{FAE04EC0-301F-11D3-BF4B-00C04F79EFBC}") = "Unity.TextMeshPro", "Unity.TextMeshPro.csproj", "{49AABC30-E99D-263C-FB52-ADDC77F7B284}"
EndProject
Project("{FAE04EC0-301F-11D3-BF4B-00C04F79EFBC}") = "Unity.Burst", "Unity.Burst.csproj", "{9185ADF8-3727-D925-D981-18669A2E09AD}"
EndProject
Project("{FAE04EC0-301F-11D3-BF4B-00C04F79EFBC}") = "Assembly-CSharp", "Assembly-CSharp.csproj", "{E2A4BCE2-ACE9-5C65-74D9-EAFAFE4DA0F0}"
EndProject
Project("{FAE04EC0-301F-11D3-BF4B-00C04F79EFBC}") = "Unity.2D.Animation.Runtime", "Unity.2D.Animation.Runtime.csproj", "{8F5605A6-E2FD-5FBE-D575-0EC7C701EEDC}"
EndProject
Project("{FAE04EC0-301F-11D3-BF4B-00C04F79EFBC}") = "Unity.2D.IK.Runtime", "Unity.2D.IK.Runtime.csproj", "{C5902C53-4A40-2B34-EA07-FBA05EAA4514}"
EndProject
Project("{FAE04EC0-301F-11D3-BF4B-00C04F79EFBC}") = "Unity.ML-Agents.CommunicatorObjects", "Unity.ML-Agents.CommunicatorObjects.csproj", "{CE0C08E2-4DB0-D337-2734-8BD5B1C2E7F4}"
EndProject
Project("{FAE04EC0-301F-11D3-BF4B-00C04F79EFBC}") = "Unity.2D.SpriteShape.Runtime", "Unity.2D.SpriteShape.Runtime.csproj", "{7CF7567E-7DFD-0EAA-A47C-E74DEF1E158B}"
EndProject
Project("{FAE04EC0-301F-11D3-BF4B-00C04F79EFBC}") = "Unity.2D.PixelPerfect", "Unity.2D.PixelPerfect.csproj", "{CF38A4D3-3344-0F7E-44D8-F8BDB3D7B09E}"
EndProject
Project("{FAE04EC0-301F-11D3-BF4B-00C04F79EFBC}") = "Unity.2D.Common.Runtime", "Unity.2D.Common.Runtime.csproj", "{37926657-C7C0-4166-D550-A0C48976E4C4}"
EndProject
Project("{FAE04EC0-301F-11D3-BF4B-00C04F79EFBC}") = "Unity.Barracuda.BurstBLAS", "Unity.Barracuda.BurstBLAS.csproj", "{66D9ED93-9F65-8FE0-2618-1F82B69312CF}"
EndProject
Project("{FAE04EC0-301F-11D3-BF4B-00C04F79EFBC}") = "Unity.InternalAPIEngineBridge.001", "Unity.InternalAPIEngineBridge.001.csproj", "{A6C2A818-0E15-F5BB-6DAB-95350FAB23B8}"
EndProject
Project("{FAE04EC0-301F-11D3-BF4B-00C04F79EFBC}") = "Unity.Barracuda.iOSBLAS", "Unity.Barracuda.iOSBLAS.csproj", "{C2FA7D74-B070-E8F6-55B9-F16B9A54DFDB}"
EndProject
Project("{FAE04EC0-301F-11D3-BF4B-00C04F79EFBC}") = "Unity.Barracuda.MacBLAS", "Unity.Barracuda.MacBLAS.csproj", "{DEC6DE9D-5374-8157-D8BA-E76DAF008621}"
EndProject
Project("{FAE04EC0-301F-11D3-BF4B-00C04F79EFBC}") = "UnityEditor.TestRunner", "UnityEditor.TestRunner.csproj", "{C05BCE8D-0EA0-0107-B905-80711F796EC2}"
EndProject
Project("{FAE04EC0-301F-11D3-BF4B-00C04F79EFBC}") = "Unity.PlasticSCM.Editor", "Unity.PlasticSCM.Editor.csproj", "{EFA61B66-FB16-0AF6-051E-1A6BAEA1B90F}"
EndProject
Project("{FAE04EC0-301F-11D3-BF4B-00C04F79EFBC}") = "Unity.Services.Core.Editor", "Unity.Services.Core.Editor.csproj", "{9C68B3C1-5947-A0E5-31B8-10C41A00AC84}"
EndProject
Project("{FAE04EC0-301F-11D3-BF4B-00C04F79EFBC}") = "Unity.Timeline.Editor", "Unity.Timeline.Editor.csproj", "{A8CD0E49-5028-ED7F-EFE4-66A55C1E996A}"
EndProject
Project("{FAE04EC0-301F-11D3-BF4B-00C04F79EFBC}") = "Unity.VisualStudio.Editor", "Unity.VisualStudio.Editor.csproj", "{38DC16B2-91CF-6033-E34A-769DC52AAD96}"
EndProject
Project("{FAE04EC0-301F-11D3-BF4B-00C04F79EFBC}") = "Unity.2D.Psdimporter.Editor", "Unity.2D.Psdimporter.Editor.csproj", "{F2785871-6D6D-F570-B005-C616755FD7B0}"
EndProject
Project("{FAE04EC0-301F-11D3-BF4B-00C04F79EFBC}") = "Unity.2D.Animation.Editor", "Unity.2D.Animation.Editor.csproj", "{F0CF0F04-11D8-AB13-E02E-C2845903B824}"
EndProject
Project("{FAE04EC0-301F-11D3-BF4B-00C04F79EFBC}") = "Unity.TextMeshPro.Editor", "Unity.TextMeshPro.Editor.csproj", "{FBA27676-EC89-4CE1-06B9-68ABD98319EF}"
EndProject
Project("{FAE04EC0-301F-11D3-BF4B-00C04F79EFBC}") = "Unity.2D.SpriteShape.Editor", "Unity.2D.SpriteShape.Editor.csproj", "{E6B91B56-A8C2-07B7-224F-848FF7D9DBF7}"
EndProject
Project("{FAE04EC0-301F-11D3-BF4B-00C04F79EFBC}") = "Unity.CollabProxy.Editor", "Unity.CollabProxy.Editor.csproj", "{DC1D0AE6-017E-515A-1D42-B811342EA266}"
EndProject
Project("{FAE04EC0-301F-11D3-BF4B-00C04F79EFBC}") = "PsdPlugin", "PsdPlugin.csproj", "{DCBC17D7-83D3-C005-D06A-528AFBBF52E3}"
EndProject
Project("{FAE04EC0-301F-11D3-BF4B-00C04F79EFBC}") = "Unity.2D.Path.Editor", "Unity.2D.Path.Editor.csproj", "{5B2BEE45-A0F0-D965-AA4F-3787F6212B42}"
EndProject
Project("{FAE04EC0-301F-11D3-BF4B-00C04F79EFBC}") = "Unity.Rider.Editor", "Unity.Rider.Editor.csproj", "{3E0B412B-C8EA-CCBB-0A13-0BCA16AC9FA8}"
EndProject
Project("{FAE04EC0-301F-11D3-BF4B-00C04F79EFBC}") = "Unity.2D.IK.Editor", "Unity.2D.IK.Editor.csproj", "{B5E7DB6E-E928-1AD9-A831-1E7DAD50A529}"
EndProject
Project("{FAE04EC0-301F-11D3-BF4B-00C04F79EFBC}") = "Unity.Burst.Editor", "Unity.Burst.Editor.csproj", "{B26D5E2E-3C9B-B31B-3DB1-7DFF41A607F8}"
EndProject
Project("{FAE04EC0-301F-11D3-BF4B-00C04F79EFBC}") = "Unity.Burst.CodeGen", "Unity.Burst.CodeGen.csproj", "{91A946DB-E738-150D-74C8-91B0D2DA3F6F}"
EndProject
Project("{FAE04EC0-301F-11D3-BF4B-00C04F79EFBC}") = "Unity.2D.PixelPerfect.Editor", "Unity.2D.PixelPerfect.Editor.csproj", "{A752FDB1-2F33-A29D-F453-7A46B230FC61}"
EndProject
Project("{FAE04EC0-301F-11D3-BF4B-00C04F79EFBC}") = "Unity.VSCode.Editor", "Unity.VSCode.Editor.csproj", "{FEA81419-6054-D8E6-C8A2-4D484FE00EEE}"
EndProject
Project("{FAE04EC0-301F-11D3-BF4B-00C04F79EFBC}") = "Unity.ML-Agents.Editor", "Unity.ML-Agents.Editor.csproj", "{9A07F159-6ACB-D72C-A6A1-CA3342C93936}"
EndProject
Project("{FAE04EC0-301F-11D3-BF4B-00C04F79EFBC}") = "Unity.2D.Common.Editor", "Unity.2D.Common.Editor.csproj", "{AD581F5C-9BE4-5126-770B-5A03FB760A20}"
EndProject
Project("{FAE04EC0-301F-11D3-BF4B-00C04F79EFBC}") = "Unity.Mathematics.Editor", "Unity.Mathematics.Editor.csproj", "{0686F2FD-B51F-B32C-D5F1-80BB42597680}"
EndProject
Project("{FAE04EC0-301F-11D3-BF4B-00C04F79EFBC}") = "Unity.InternalAPIEditorBridge.001", "Unity.InternalAPIEditorBridge.001.csproj", "{F22166FD-4741-4109-A4AF-D7C89BBD650F}"
EndProject
Project("{FAE04EC0-301F-11D3-BF4B-00C04F79EFBC}") = "Unity.Barracuda.Editor", "Unity.Barracuda.Editor.csproj", "{02098DC1-39CE-FBD6-14DD-742918C549DA}"
EndProject
Global
	GlobalSection(SolutionConfigurationPlatforms) = preSolution
		Debug|Any CPU = Debug|Any CPU
		Release|Any CPU = Release|Any CPU
	EndGlobalSection
	GlobalSection(ProjectConfigurationPlatforms) = postSolution
		{6186C533-CAA5-F315-5DB6-88F5C23102A9}.Debug|Any CPU.ActiveCfg = Debug|Any CPU
		{6186C533-CAA5-F315-5DB6-88F5C23102A9}.Debug|Any CPU.Build.0 = Debug|Any CPU
		{6186C533-CAA5-F315-5DB6-88F5C23102A9}.Release|Any CPU.ActiveCfg = Release|Any CPU
		{6186C533-CAA5-F315-5DB6-88F5C23102A9}.Release|Any CPU.Build.0 = Release|Any CPU
		{F03AA57C-C94C-1F32-F2B1-9CB4F1CD776D}.Debug|Any CPU.ActiveCfg = Debug|Any CPU
		{F03AA57C-C94C-1F32-F2B1-9CB4F1CD776D}.Debug|Any CPU.Build.0 = Debug|Any CPU
		{F03AA57C-C94C-1F32-F2B1-9CB4F1CD776D}.Release|Any CPU.ActiveCfg = Release|Any CPU
		{F03AA57C-C94C-1F32-F2B1-9CB4F1CD776D}.Release|Any CPU.Build.0 = Release|Any CPU
		{BC2C211E-04C9-5A16-B016-E59B3C3C4060}.Debug|Any CPU.ActiveCfg = Debug|Any CPU
		{BC2C211E-04C9-5A16-B016-E59B3C3C4060}.Debug|Any CPU.Build.0 = Debug|Any CPU
		{BC2C211E-04C9-5A16-B016-E59B3C3C4060}.Release|Any CPU.ActiveCfg = Release|Any CPU
		{BC2C211E-04C9-5A16-B016-E59B3C3C4060}.Release|Any CPU.Build.0 = Release|Any CPU
		{6ACC5C80-62CA-2ABB-666B-25D23AC10BD4}.Debug|Any CPU.ActiveCfg = Debug|Any CPU
		{6ACC5C80-62CA-2ABB-666B-25D23AC10BD4}.Debug|Any CPU.Build.0 = Debug|Any CPU
		{6ACC5C80-62CA-2ABB-666B-25D23AC10BD4}.Release|Any CPU.ActiveCfg = Release|Any CPU
		{6ACC5C80-62CA-2ABB-666B-25D23AC10BD4}.Release|Any CPU.Build.0 = Release|Any CPU
		{2E8AB66C-88B3-C00F-425F-A4084ABFCBFE}.Debug|Any CPU.ActiveCfg = Debug|Any CPU
		{2E8AB66C-88B3-C00F-425F-A4084ABFCBFE}.Debug|Any CPU.Build.0 = Debug|Any CPU
		{2E8AB66C-88B3-C00F-425F-A4084ABFCBFE}.Release|Any CPU.ActiveCfg = Release|Any CPU
		{2E8AB66C-88B3-C00F-425F-A4084ABFCBFE}.Release|Any CPU.Build.0 = Release|Any CPU
		{F913C7F1-1F43-385C-6EE8-8A3306AC5905}.Debug|Any CPU.ActiveCfg = Debug|Any CPU
		{F913C7F1-1F43-385C-6EE8-8A3306AC5905}.Debug|Any CPU.Build.0 = Debug|Any CPU
		{F913C7F1-1F43-385C-6EE8-8A3306AC5905}.Release|Any CPU.ActiveCfg = Release|Any CPU
		{F913C7F1-1F43-385C-6EE8-8A3306AC5905}.Release|Any CPU.Build.0 = Release|Any CPU
		{4D278DFB-C9FE-0BFC-E732-74FA7F32CF0F}.Debug|Any CPU.ActiveCfg = Debug|Any CPU
		{4D278DFB-C9FE-0BFC-E732-74FA7F32CF0F}.Debug|Any CPU.Build.0 = Debug|Any CPU
		{4D278DFB-C9FE-0BFC-E732-74FA7F32CF0F}.Release|Any CPU.ActiveCfg = Release|Any CPU
		{4D278DFB-C9FE-0BFC-E732-74FA7F32CF0F}.Release|Any CPU.Build.0 = Release|Any CPU
		{49AABC30-E99D-263C-FB52-ADDC77F7B284}.Debug|Any CPU.ActiveCfg = Debug|Any CPU
		{49AABC30-E99D-263C-FB52-ADDC77F7B284}.Debug|Any CPU.Build.0 = Debug|Any CPU
		{49AABC30-E99D-263C-FB52-ADDC77F7B284}.Release|Any CPU.ActiveCfg = Release|Any CPU
		{49AABC30-E99D-263C-FB52-ADDC77F7B284}.Release|Any CPU.Build.0 = Release|Any CPU
		{9185ADF8-3727-D925-D981-18669A2E09AD}.Debug|Any CPU.ActiveCfg = Debug|Any CPU
		{9185ADF8-3727-D925-D981-18669A2E09AD}.Debug|Any CPU.Build.0 = Debug|Any CPU
		{9185ADF8-3727-D925-D981-18669A2E09AD}.Release|Any CPU.ActiveCfg = Release|Any CPU
		{9185ADF8-3727-D925-D981-18669A2E09AD}.Release|Any CPU.Build.0 = Release|Any CPU
		{E2A4BCE2-ACE9-5C65-74D9-EAFAFE4DA0F0}.Debug|Any CPU.ActiveCfg = Debug|Any CPU
		{E2A4BCE2-ACE9-5C65-74D9-EAFAFE4DA0F0}.Debug|Any CPU.Build.0 = Debug|Any CPU
		{E2A4BCE2-ACE9-5C65-74D9-EAFAFE4DA0F0}.Release|Any CPU.ActiveCfg = Release|Any CPU
		{E2A4BCE2-ACE9-5C65-74D9-EAFAFE4DA0F0}.Release|Any CPU.Build.0 = Release|Any CPU
		{8F5605A6-E2FD-5FBE-D575-0EC7C701EEDC}.Debug|Any CPU.ActiveCfg = Debug|Any CPU
		{8F5605A6-E2FD-5FBE-D575-0EC7C701EEDC}.Debug|Any CPU.Build.0 = Debug|Any CPU
		{8F5605A6-E2FD-5FBE-D575-0EC7C701EEDC}.Release|Any CPU.ActiveCfg = Release|Any CPU
		{8F5605A6-E2FD-5FBE-D575-0EC7C701EEDC}.Release|Any CPU.Build.0 = Release|Any CPU
		{C5902C53-4A40-2B34-EA07-FBA05EAA4514}.Debug|Any CPU.ActiveCfg = Debug|Any CPU
		{C5902C53-4A40-2B34-EA07-FBA05EAA4514}.Debug|Any CPU.Build.0 = Debug|Any CPU
		{C5902C53-4A40-2B34-EA07-FBA05EAA4514}.Release|Any CPU.ActiveCfg = Release|Any CPU
		{C5902C53-4A40-2B34-EA07-FBA05EAA4514}.Release|Any CPU.Build.0 = Release|Any CPU
		{CE0C08E2-4DB0-D337-2734-8BD5B1C2E7F4}.Debug|Any CPU.ActiveCfg = Debug|Any CPU
		{CE0C08E2-4DB0-D337-2734-8BD5B1C2E7F4}.Debug|Any CPU.Build.0 = Debug|Any CPU
		{CE0C08E2-4DB0-D337-2734-8BD5B1C2E7F4}.Release|Any CPU.ActiveCfg = Release|Any CPU
		{CE0C08E2-4DB0-D337-2734-8BD5B1C2E7F4}.Release|Any CPU.Build.0 = Release|Any CPU
		{7CF7567E-7DFD-0EAA-A47C-E74DEF1E158B}.Debug|Any CPU.ActiveCfg = Debug|Any CPU
		{7CF7567E-7DFD-0EAA-A47C-E74DEF1E158B}.Debug|Any CPU.Build.0 = Debug|Any CPU
		{7CF7567E-7DFD-0EAA-A47C-E74DEF1E158B}.Release|Any CPU.ActiveCfg = Release|Any CPU
		{7CF7567E-7DFD-0EAA-A47C-E74DEF1E158B}.Release|Any CPU.Build.0 = Release|Any CPU
		{CF38A4D3-3344-0F7E-44D8-F8BDB3D7B09E}.Debug|Any CPU.ActiveCfg = Debug|Any CPU
		{CF38A4D3-3344-0F7E-44D8-F8BDB3D7B09E}.Debug|Any CPU.Build.0 = Debug|Any CPU
		{CF38A4D3-3344-0F7E-44D8-F8BDB3D7B09E}.Release|Any CPU.ActiveCfg = Release|Any CPU
		{CF38A4D3-3344-0F7E-44D8-F8BDB3D7B09E}.Release|Any CPU.Build.0 = Release|Any CPU
		{37926657-C7C0-4166-D550-A0C48976E4C4}.Debug|Any CPU.ActiveCfg = Debug|Any CPU
		{37926657-C7C0-4166-D550-A0C48976E4C4}.Debug|Any CPU.Build.0 = Debug|Any CPU
		{37926657-C7C0-4166-D550-A0C48976E4C4}.Release|Any CPU.ActiveCfg = Release|Any CPU
		{37926657-C7C0-4166-D550-A0C48976E4C4}.Release|Any CPU.Build.0 = Release|Any CPU
		{66D9ED93-9F65-8FE0-2618-1F82B69312CF}.Debug|Any CPU.ActiveCfg = Debug|Any CPU
		{66D9ED93-9F65-8FE0-2618-1F82B69312CF}.Debug|Any CPU.Build.0 = Debug|Any CPU
		{66D9ED93-9F65-8FE0-2618-1F82B69312CF}.Release|Any CPU.ActiveCfg = Release|Any CPU
		{66D9ED93-9F65-8FE0-2618-1F82B69312CF}.Release|Any CPU.Build.0 = Release|Any CPU
		{A6C2A818-0E15-F5BB-6DAB-95350FAB23B8}.Debug|Any CPU.ActiveCfg = Debug|Any CPU
		{A6C2A818-0E15-F5BB-6DAB-95350FAB23B8}.Debug|Any CPU.Build.0 = Debug|Any CPU
		{A6C2A818-0E15-F5BB-6DAB-95350FAB23B8}.Release|Any CPU.ActiveCfg = Release|Any CPU
		{A6C2A818-0E15-F5BB-6DAB-95350FAB23B8}.Release|Any CPU.Build.0 = Release|Any CPU
		{C2FA7D74-B070-E8F6-55B9-F16B9A54DFDB}.Debug|Any CPU.ActiveCfg = Debug|Any CPU
		{C2FA7D74-B070-E8F6-55B9-F16B9A54DFDB}.Debug|Any CPU.Build.0 = Debug|Any CPU
		{C2FA7D74-B070-E8F6-55B9-F16B9A54DFDB}.Release|Any CPU.ActiveCfg = Release|Any CPU
		{C2FA7D74-B070-E8F6-55B9-F16B9A54DFDB}.Release|Any CPU.Build.0 = Release|Any CPU
		{DEC6DE9D-5374-8157-D8BA-E76DAF008621}.Debug|Any CPU.ActiveCfg = Debug|Any CPU
		{DEC6DE9D-5374-8157-D8BA-E76DAF008621}.Debug|Any CPU.Build.0 = Debug|Any CPU
		{DEC6DE9D-5374-8157-D8BA-E76DAF008621}.Release|Any CPU.ActiveCfg = Release|Any CPU
		{DEC6DE9D-5374-8157-D8BA-E76DAF008621}.Release|Any CPU.Build.0 = Release|Any CPU
		{C05BCE8D-0EA0-0107-B905-80711F796EC2}.Debug|Any CPU.ActiveCfg = Debug|Any CPU
		{C05BCE8D-0EA0-0107-B905-80711F796EC2}.Debug|Any CPU.Build.0 = Debug|Any CPU
		{C05BCE8D-0EA0-0107-B905-80711F796EC2}.Release|Any CPU.ActiveCfg = Release|Any CPU
		{C05BCE8D-0EA0-0107-B905-80711F796EC2}.Release|Any CPU.Build.0 = Release|Any CPU
		{EFA61B66-FB16-0AF6-051E-1A6BAEA1B90F}.Debug|Any CPU.ActiveCfg = Debug|Any CPU
		{EFA61B66-FB16-0AF6-051E-1A6BAEA1B90F}.Debug|Any CPU.Build.0 = Debug|Any CPU
		{EFA61B66-FB16-0AF6-051E-1A6BAEA1B90F}.Release|Any CPU.ActiveCfg = Release|Any CPU
		{EFA61B66-FB16-0AF6-051E-1A6BAEA1B90F}.Release|Any CPU.Build.0 = Release|Any CPU
		{9C68B3C1-5947-A0E5-31B8-10C41A00AC84}.Debug|Any CPU.ActiveCfg = Debug|Any CPU
		{9C68B3C1-5947-A0E5-31B8-10C41A00AC84}.Debug|Any CPU.Build.0 = Debug|Any CPU
		{9C68B3C1-5947-A0E5-31B8-10C41A00AC84}.Release|Any CPU.ActiveCfg = Release|Any CPU
		{9C68B3C1-5947-A0E5-31B8-10C41A00AC84}.Release|Any CPU.Build.0 = Release|Any CPU
		{A8CD0E49-5028-ED7F-EFE4-66A55C1E996A}.Debug|Any CPU.ActiveCfg = Debug|Any CPU
		{A8CD0E49-5028-ED7F-EFE4-66A55C1E996A}.Debug|Any CPU.Build.0 = Debug|Any CPU
		{A8CD0E49-5028-ED7F-EFE4-66A55C1E996A}.Release|Any CPU.ActiveCfg = Release|Any CPU
		{A8CD0E49-5028-ED7F-EFE4-66A55C1E996A}.Release|Any CPU.Build.0 = Release|Any CPU
		{38DC16B2-91CF-6033-E34A-769DC52AAD96}.Debug|Any CPU.ActiveCfg = Debug|Any CPU
		{38DC16B2-91CF-6033-E34A-769DC52AAD96}.Debug|Any CPU.Build.0 = Debug|Any CPU
		{38DC16B2-91CF-6033-E34A-769DC52AAD96}.Release|Any CPU.ActiveCfg = Release|Any CPU
		{38DC16B2-91CF-6033-E34A-769DC52AAD96}.Release|Any CPU.Build.0 = Release|Any CPU
		{F2785871-6D6D-F570-B005-C616755FD7B0}.Debug|Any CPU.ActiveCfg = Debug|Any CPU
		{F2785871-6D6D-F570-B005-C616755FD7B0}.Debug|Any CPU.Build.0 = Debug|Any CPU
		{F2785871-6D6D-F570-B005-C616755FD7B0}.Release|Any CPU.ActiveCfg = Release|Any CPU
		{F2785871-6D6D-F570-B005-C616755FD7B0}.Release|Any CPU.Build.0 = Release|Any CPU
		{F0CF0F04-11D8-AB13-E02E-C2845903B824}.Debug|Any CPU.ActiveCfg = Debug|Any CPU
		{F0CF0F04-11D8-AB13-E02E-C2845903B824}.Debug|Any CPU.Build.0 = Debug|Any CPU
		{F0CF0F04-11D8-AB13-E02E-C2845903B824}.Release|Any CPU.ActiveCfg = Release|Any CPU
		{F0CF0F04-11D8-AB13-E02E-C2845903B824}.Release|Any CPU.Build.0 = Release|Any CPU
		{FBA27676-EC89-4CE1-06B9-68ABD98319EF}.Debug|Any CPU.ActiveCfg = Debug|Any CPU
		{FBA27676-EC89-4CE1-06B9-68ABD98319EF}.Debug|Any CPU.Build.0 = Debug|Any CPU
		{FBA27676-EC89-4CE1-06B9-68ABD98319EF}.Release|Any CPU.ActiveCfg = Release|Any CPU
		{FBA27676-EC89-4CE1-06B9-68ABD98319EF}.Release|Any CPU.Build.0 = Release|Any CPU
		{E6B91B56-A8C2-07B7-224F-848FF7D9DBF7}.Debug|Any CPU.ActiveCfg = Debug|Any CPU
		{E6B91B56-A8C2-07B7-224F-848FF7D9DBF7}.Debug|Any CPU.Build.0 = Debug|Any CPU
		{E6B91B56-A8C2-07B7-224F-848FF7D9DBF7}.Release|Any CPU.ActiveCfg = Release|Any CPU
		{E6B91B56-A8C2-07B7-224F-848FF7D9DBF7}.Release|Any CPU.Build.0 = Release|Any CPU
		{DC1D0AE6-017E-515A-1D42-B811342EA266}.Debug|Any CPU.ActiveCfg = Debug|Any CPU
		{DC1D0AE6-017E-515A-1D42-B811342EA266}.Debug|Any CPU.Build.0 = Debug|Any CPU
		{DC1D0AE6-017E-515A-1D42-B811342EA266}.Release|Any CPU.ActiveCfg = Release|Any CPU
		{DC1D0AE6-017E-515A-1D42-B811342EA266}.Release|Any CPU.Build.0 = Release|Any CPU
		{DCBC17D7-83D3-C005-D06A-528AFBBF52E3}.Debug|Any CPU.ActiveCfg = Debug|Any CPU
		{DCBC17D7-83D3-C005-D06A-528AFBBF52E3}.Debug|Any CPU.Build.0 = Debug|Any CPU
		{DCBC17D7-83D3-C005-D06A-528AFBBF52E3}.Release|Any CPU.ActiveCfg = Release|Any CPU
		{DCBC17D7-83D3-C005-D06A-528AFBBF52E3}.Release|Any CPU.Build.0 = Release|Any CPU
		{5B2BEE45-A0F0-D965-AA4F-3787F6212B42}.Debug|Any CPU.ActiveCfg = Debug|Any CPU
		{5B2BEE45-A0F0-D965-AA4F-3787F6212B42}.Debug|Any CPU.Build.0 = Debug|Any CPU
		{5B2BEE45-A0F0-D965-AA4F-3787F6212B42}.Release|Any CPU.ActiveCfg = Release|Any CPU
		{5B2BEE45-A0F0-D965-AA4F-3787F6212B42}.Release|Any CPU.Build.0 = Release|Any CPU
		{3E0B412B-C8EA-CCBB-0A13-0BCA16AC9FA8}.Debug|Any CPU.ActiveCfg = Debug|Any CPU
		{3E0B412B-C8EA-CCBB-0A13-0BCA16AC9FA8}.Debug|Any CPU.Build.0 = Debug|Any CPU
		{3E0B412B-C8EA-CCBB-0A13-0BCA16AC9FA8}.Release|Any CPU.ActiveCfg = Release|Any CPU
		{3E0B412B-C8EA-CCBB-0A13-0BCA16AC9FA8}.Release|Any CPU.Build.0 = Release|Any CPU
		{B5E7DB6E-E928-1AD9-A831-1E7DAD50A529}.Debug|Any CPU.ActiveCfg = Debug|Any CPU
		{B5E7DB6E-E928-1AD9-A831-1E7DAD50A529}.Debug|Any CPU.Build.0 = Debug|Any CPU
		{B5E7DB6E-E928-1AD9-A831-1E7DAD50A529}.Release|Any CPU.ActiveCfg = Release|Any CPU
		{B5E7DB6E-E928-1AD9-A831-1E7DAD50A529}.Release|Any CPU.Build.0 = Release|Any CPU
		{B26D5E2E-3C9B-B31B-3DB1-7DFF41A607F8}.Debug|Any CPU.ActiveCfg = Debug|Any CPU
		{B26D5E2E-3C9B-B31B-3DB1-7DFF41A607F8}.Debug|Any CPU.Build.0 = Debug|Any CPU
		{B26D5E2E-3C9B-B31B-3DB1-7DFF41A607F8}.Release|Any CPU.ActiveCfg = Release|Any CPU
		{B26D5E2E-3C9B-B31B-3DB1-7DFF41A607F8}.Release|Any CPU.Build.0 = Release|Any CPU
		{91A946DB-E738-150D-74C8-91B0D2DA3F6F}.Debug|Any CPU.ActiveCfg = Debug|Any CPU
		{91A946DB-E738-150D-74C8-91B0D2DA3F6F}.Debug|Any CPU.Build.0 = Debug|Any CPU
		{91A946DB-E738-150D-74C8-91B0D2DA3F6F}.Release|Any CPU.ActiveCfg = Release|Any CPU
		{91A946DB-E738-150D-74C8-91B0D2DA3F6F}.Release|Any CPU.Build.0 = Release|Any CPU
		{A752FDB1-2F33-A29D-F453-7A46B230FC61}.Debug|Any CPU.ActiveCfg = Debug|Any CPU
		{A752FDB1-2F33-A29D-F453-7A46B230FC61}.Debug|Any CPU.Build.0 = Debug|Any CPU
		{A752FDB1-2F33-A29D-F453-7A46B230FC61}.Release|Any CPU.ActiveCfg = Release|Any CPU
		{A752FDB1-2F33-A29D-F453-7A46B230FC61}.Release|Any CPU.Build.0 = Release|Any CPU
		{FEA81419-6054-D8E6-C8A2-4D484FE00EEE}.Debug|Any CPU.ActiveCfg = Debug|Any CPU
		{FEA81419-6054-D8E6-C8A2-4D484FE00EEE}.Debug|Any CPU.Build.0 = Debug|Any CPU
		{FEA81419-6054-D8E6-C8A2-4D484FE00EEE}.Release|Any CPU.ActiveCfg = Release|Any CPU
		{FEA81419-6054-D8E6-C8A2-4D484FE00EEE}.Release|Any CPU.Build.0 = Release|Any CPU
		{9A07F159-6ACB-D72C-A6A1-CA3342C93936}.Debug|Any CPU.ActiveCfg = Debug|Any CPU
		{9A07F159-6ACB-D72C-A6A1-CA3342C93936}.Debug|Any CPU.Build.0 = Debug|Any CPU
		{9A07F159-6ACB-D72C-A6A1-CA3342C93936}.Release|Any CPU.ActiveCfg = Release|Any CPU
		{9A07F159-6ACB-D72C-A6A1-CA3342C93936}.Release|Any CPU.Build.0 = Release|Any CPU
		{AD581F5C-9BE4-5126-770B-5A03FB760A20}.Debug|Any CPU.ActiveCfg = Debug|Any CPU
		{AD581F5C-9BE4-5126-770B-5A03FB760A20}.Debug|Any CPU.Build.0 = Debug|Any CPU
		{AD581F5C-9BE4-5126-770B-5A03FB760A20}.Release|Any CPU.ActiveCfg = Release|Any CPU
		{AD581F5C-9BE4-5126-770B-5A03FB760A20}.Release|Any CPU.Build.0 = Release|Any CPU
		{0686F2FD-B51F-B32C-D5F1-80BB42597680}.Debug|Any CPU.ActiveCfg = Debug|Any CPU
		{0686F2FD-B51F-B32C-D5F1-80BB42597680}.Debug|Any CPU.Build.0 = Debug|Any CPU
		{0686F2FD-B51F-B32C-D5F1-80BB42597680}.Release|Any CPU.ActiveCfg = Release|Any CPU
		{0686F2FD-B51F-B32C-D5F1-80BB42597680}.Release|Any CPU.Build.0 = Release|Any CPU
		{F22166FD-4741-4109-A4AF-D7C89BBD650F}.Debug|Any CPU.ActiveCfg = Debug|Any CPU
		{F22166FD-4741-4109-A4AF-D7C89BBD650F}.Debug|Any CPU.Build.0 = Debug|Any CPU
		{F22166FD-4741-4109-A4AF-D7C89BBD650F}.Release|Any CPU.ActiveCfg = Release|Any CPU
		{F22166FD-4741-4109-A4AF-D7C89BBD650F}.Release|Any CPU.Build.0 = Release|Any CPU
		{02098DC1-39CE-FBD6-14DD-742918C549DA}.Debug|Any CPU.ActiveCfg = Debug|Any CPU
		{02098DC1-39CE-FBD6-14DD-742918C549DA}.Debug|Any CPU.Build.0 = Debug|Any CPU
		{02098DC1-39CE-FBD6-14DD-742918C549DA}.Release|Any CPU.ActiveCfg = Release|Any CPU
		{02098DC1-39CE-FBD6-14DD-742918C549DA}.Release|Any CPU.Build.0 = Release|Any CPU
	EndGlobalSection
	GlobalSection(SolutionProperties) = preSolution
		HideSolutionNode = FALSE
	EndGlobalSection
EndGlobal
